
Microsoft Visual Studio Solution File, Format Version 12.00
# Visual Studio Version 17
VisualStudioVersion = 17.5.002.0
MinimumVisualStudioVersion = 10.0.40219.1
Project("{9A19103F-16F7-4668-BE54-9A1E7A4F7556}") = "aula04", "aula04.csproj", "{F46B3103-D28A-487E-A102-465F5371A0CE}"
EndProject
Global
	GlobalSection(SolutionConfigurationPlatforms) = preSolution
		Debug|Any CPU = Debug|Any CPU
		Release|Any CPU = Release|Any CPU
	EndGlobalSection
	GlobalSection(ProjectConfigurationPlatforms) = postSolution
		{F46B3103-D28A-487E-A102-465F5371A0CE}.Debug|Any CPU.ActiveCfg = Debug|Any CPU
		{F46B3103-D28A-487E-A102-465F5371A0CE}.Debug|Any CPU.Build.0 = Debug|Any CPU
		{F46B3103-D28A-487E-A102-465F5371A0CE}.Release|Any CPU.ActiveCfg = Release|Any CPU
		{F46B3103-D28A-487E-A102-465F5371A0CE}.Release|Any CPU.Build.0 = Release|Any CPU
	EndGlobalSection
	GlobalSection(SolutionProperties) = preSolution
		HideSolutionNode = FALSE
	EndGlobalSection
	GlobalSection(ExtensibilityGlobals) = postSolution
		SolutionGuid = {AF3F4B96-4A67-4BC1-AAD0-B89CE8B33B9E}
	EndGlobalSection
EndGlobal
